{
    "version": 3,
    "terraform_version": "0.11.10",
    "serial": 83,
    "lineage": "479a587f-7c59-564d-1fb2-3f469bcec7b8",
    "modules": [
        {
            "path": [
                "root"
            ],
            "outputs": {},
            "resources": {
                "google_compute_instance.default": {
                    "type": "google_compute_instance",
                    "depends_on": [],
                    "primary": {
                        "id": "python-http-server",
                        "attributes": {
                            "attached_disk.#": "0",
                            "boot_disk.#": "1",
                            "boot_disk.0.auto_delete": "true",
                            "boot_disk.0.device_name": "persistent-disk-0",
                            "boot_disk.0.disk_encryption_key_raw": "",
                            "boot_disk.0.disk_encryption_key_sha256": "",
                            "boot_disk.0.initialize_params.#": "1",
                            "boot_disk.0.initialize_params.0.image": "https://www.googleapis.com/compute/v1/projects/centos-cloud/global/images/centos-7-v20181113",
                            "boot_disk.0.initialize_params.0.size": "10",
                            "boot_disk.0.initialize_params.0.type": "pd-standard",
                            "boot_disk.0.source": "https://www.googleapis.com/compute/v1/projects/high-balancer-219509/zones/us-east1-b/disks/python-http-server",
                            "can_ip_forward": "false",
                            "cpu_platform": "Intel Haswell",
                            "create_timeout": "4",
                            "deletion_protection": "false",
                            "guest_accelerator.#": "0",
                            "id": "python-http-server",
                            "instance_id": "4072960288381475910",
                            "label_fingerprint": "42WmSpB8rSM=",
                            "labels.%": "0",
                            "machine_type": "f1-micro",
                            "metadata.%": "1",
                            "metadata.sshKeys": "terraform:ssh-rsa AAAAB3NzaC1yc2EAAAADAQABAAABAQC0iYEQVMmSHPVHschAO4ofXccnl3duzVbqM5haC5P67PokFbO70DaFSceFuN/eaFmnqCufCiKAaoHb+AcPx7wIkTwMQRMd6b9ZzxdkILZkLR6Q5C9LybyQYGc13xDogFr0ND38ZuNj8qGs1K7vKQmuHLhVzKDrOY7Ni6HNfDdBD1UL/jVBVgV+sVW07AxpgWwNsCD4ALQVCMHcyP4q5DFjpAL5zmCnxOhdYnorhhYp8Ast+S+RTjHI8p1vKkjBF60zby1tojKfpRK0C32Scm+HaLpU/Y2iEUYtt5gWyYNbZ4jvbj2JgW/t3W1vhge02gGzRlmTlT54xZOHwiuTFZOB mubeen_choudhury94@instance-2-copy\n",
                            "metadata_fingerprint": "s_-r5lqmszM=",
                            "metadata_startup_script": "",
                            "min_cpu_platform": "",
                            "name": "python-http-server",
                            "network_interface.#": "1",
                            "network_interface.0.access_config.#": "1",
                            "network_interface.0.access_config.0.assigned_nat_ip": "35.196.171.144",
                            "network_interface.0.access_config.0.nat_ip": "35.196.171.144",
                            "network_interface.0.access_config.0.network_tier": "PREMIUM",
                            "network_interface.0.access_config.0.public_ptr_domain_name": "",
                            "network_interface.0.address": "10.142.0.3",
                            "network_interface.0.alias_ip_range.#": "0",
                            "network_interface.0.name": "nic0",
                            "network_interface.0.network": "https://www.googleapis.com/compute/v1/projects/high-balancer-219509/global/networks/default",
                            "network_interface.0.network_ip": "10.142.0.3",
                            "network_interface.0.subnetwork": "https://www.googleapis.com/compute/v1/projects/high-balancer-219509/regions/us-east1/subnetworks/default",
                            "network_interface.0.subnetwork_project": "high-balancer-219509",
                            "project": "high-balancer-219509",
                            "scheduling.#": "1",
                            "scheduling.0.automatic_restart": "false",
                            "scheduling.0.on_host_maintenance": "MIGRATE",
                            "scheduling.0.preemptible": "false",
                            "scratch_disk.#": "0",
                            "self_link": "https://www.googleapis.com/compute/v1/projects/high-balancer-219509/zones/us-east1-b/instances/python-http-server",
                            "service_account.#": "0",
                            "tags.#": "1",
                            "tags.3560713641": "python-http-server",
                            "tags_fingerprint": "SG7YFXeXdio=",
                            "zone": "us-east1-b"
                        },
                        "meta": {
                            "e2bfb730-ecaa-11e6-8f88-34363bc7c4c0": {
                                "create": 360000000000,
                                "delete": 360000000000,
                                "update": 360000000000
                            },
                            "schema_version": "6"
                        },
                        "tainted": false
                    },
                    "deposed": [],
                    "provider": "provider.google"
                }
            },
            "depends_on": []
        }
    ]
}
